
Microsoft Visual Studio Solution File, Format Version 12.00
# Visual Studio Version 16
VisualStudioVersion = 16.0.29403.142
MinimumVisualStudioVersion = 10.0.40219.1
Project("{FAE04EC0-301F-11D3-BF4B-00C04F79EFBC}") = "Server", "RobotDesktop\Server.csproj", "{3E5CB7B7-AC02-493C-95B9-9FE5E9A7C11D}"
EndProject
Project("{FAE04EC0-301F-11D3-BF4B-00C04F79EFBC}") = "Client", "Client\Client.csproj", "{BDF505E8-A3D8-4F06-BCB3-895CC67B9038}"
EndProject
Project("{FAE04EC0-301F-11D3-BF4B-00C04F79EFBC}") = "Dto", "Dto\Dto.csproj", "{986563A2-E3EB-492F-B306-324F15350E1E}"
EndProject
Project("{FAE04EC0-301F-11D3-BF4B-00C04F79EFBC}") = "TcpClient", "TcpClient\TcpClient.csproj", "{1BB75EDA-885A-4168-8F59-06BDDAAC4D66}"
EndProject
Global
	GlobalSection(SolutionConfigurationPlatforms) = preSolution
		Debug|Any CPU = Debug|Any CPU
		Release|Any CPU = Release|Any CPU
	EndGlobalSection
	GlobalSection(ProjectConfigurationPlatforms) = postSolution
		{3E5CB7B7-AC02-493C-95B9-9FE5E9A7C11D}.Debug|Any CPU.ActiveCfg = Debug|Any CPU
		{3E5CB7B7-AC02-493C-95B9-9FE5E9A7C11D}.Debug|Any CPU.Build.0 = Debug|Any CPU
		{3E5CB7B7-AC02-493C-95B9-9FE5E9A7C11D}.Release|Any CPU.ActiveCfg = Release|Any CPU
		{3E5CB7B7-AC02-493C-95B9-9FE5E9A7C11D}.Release|Any CPU.Build.0 = Release|Any CPU
		{BDF505E8-A3D8-4F06-BCB3-895CC67B9038}.Debug|Any CPU.ActiveCfg = Debug|Any CPU
		{BDF505E8-A3D8-4F06-BCB3-895CC67B9038}.Debug|Any CPU.Build.0 = Debug|Any CPU
		{BDF505E8-A3D8-4F06-BCB3-895CC67B9038}.Release|Any CPU.ActiveCfg = Release|Any CPU
		{BDF505E8-A3D8-4F06-BCB3-895CC67B9038}.Release|Any CPU.Build.0 = Release|Any CPU
		{986563A2-E3EB-492F-B306-324F15350E1E}.Debug|Any CPU.ActiveCfg = Debug|Any CPU
		{986563A2-E3EB-492F-B306-324F15350E1E}.Debug|Any CPU.Build.0 = Debug|Any CPU
		{986563A2-E3EB-492F-B306-324F15350E1E}.Release|Any CPU.ActiveCfg = Release|Any CPU
		{986563A2-E3EB-492F-B306-324F15350E1E}.Release|Any CPU.Build.0 = Release|Any CPU
		{1BB75EDA-885A-4168-8F59-06BDDAAC4D66}.Debug|Any CPU.ActiveCfg = Debug|Any CPU
		{1BB75EDA-885A-4168-8F59-06BDDAAC4D66}.Debug|Any CPU.Build.0 = Debug|Any CPU
		{1BB75EDA-885A-4168-8F59-06BDDAAC4D66}.Release|Any CPU.ActiveCfg = Release|Any CPU
		{1BB75EDA-885A-4168-8F59-06BDDAAC4D66}.Release|Any CPU.Build.0 = Release|Any CPU
	EndGlobalSection
	GlobalSection(SolutionProperties) = preSolution
		HideSolutionNode = FALSE
	EndGlobalSection
	GlobalSection(ExtensibilityGlobals) = postSolution
		SolutionGuid = {2E78780F-2BCB-4138-9D56-53653077F0AF}
	EndGlobalSection
EndGlobal
